
Microsoft Visual Studio Solution File, Format Version 12.00
# Visual Studio Version 17
VisualStudioVersion = 17.10.34928.147
MinimumVisualStudioVersion = 10.0.40219.1
Project("{9A19103F-16F7-4668-BE54-9A1E7A4F7556}") = "MatriculasBack", "MatriculasBack.csproj", "{599FD868-C757-4DE9-B42C-474453E0B787}"
EndProject
Project("{9A19103F-16F7-4668-BE54-9A1E7A4F7556}") = "Application", "..\Application\Application.csproj", "{39BA963F-B1EA-4116-8D03-DCC7B10183E5}"
EndProject
Project("{9A19103F-16F7-4668-BE54-9A1E7A4F7556}") = "Domain", "..\Domain\Domain.csproj", "{3D5B7C45-85ED-41EC-AC7A-235B7551267A}"
EndProject
Project("{9A19103F-16F7-4668-BE54-9A1E7A4F7556}") = "Infraestructure", "..\Infraestructure\Infraestructure.csproj", "{4ADD80B9-1203-4795-B123-BB0888C5B7D7}"
EndProject
Project("{9A19103F-16F7-4668-BE54-9A1E7A4F7556}") = "XUnitTesting.Tests", "..\XUnitTesting.Tests\XUnitTesting.Tests.csproj", "{F3E99BD7-EF02-47CD-95A4-EFE429A253F7}"
EndProject
Global
	GlobalSection(SolutionConfigurationPlatforms) = preSolution
		Debug|Any CPU = Debug|Any CPU
		Release|Any CPU = Release|Any CPU
	EndGlobalSection
	GlobalSection(ProjectConfigurationPlatforms) = postSolution
		{599FD868-C757-4DE9-B42C-474453E0B787}.Debug|Any CPU.ActiveCfg = Debug|Any CPU
		{599FD868-C757-4DE9-B42C-474453E0B787}.Debug|Any CPU.Build.0 = Debug|Any CPU
		{599FD868-C757-4DE9-B42C-474453E0B787}.Release|Any CPU.ActiveCfg = Release|Any CPU
		{599FD868-C757-4DE9-B42C-474453E0B787}.Release|Any CPU.Build.0 = Release|Any CPU
		{39BA963F-B1EA-4116-8D03-DCC7B10183E5}.Debug|Any CPU.ActiveCfg = Debug|Any CPU
		{39BA963F-B1EA-4116-8D03-DCC7B10183E5}.Debug|Any CPU.Build.0 = Debug|Any CPU
		{39BA963F-B1EA-4116-8D03-DCC7B10183E5}.Release|Any CPU.ActiveCfg = Release|Any CPU
		{39BA963F-B1EA-4116-8D03-DCC7B10183E5}.Release|Any CPU.Build.0 = Release|Any CPU
		{3D5B7C45-85ED-41EC-AC7A-235B7551267A}.Debug|Any CPU.ActiveCfg = Debug|Any CPU
		{3D5B7C45-85ED-41EC-AC7A-235B7551267A}.Debug|Any CPU.Build.0 = Debug|Any CPU
		{3D5B7C45-85ED-41EC-AC7A-235B7551267A}.Release|Any CPU.ActiveCfg = Release|Any CPU
		{3D5B7C45-85ED-41EC-AC7A-235B7551267A}.Release|Any CPU.Build.0 = Release|Any CPU
		{4ADD80B9-1203-4795-B123-BB0888C5B7D7}.Debug|Any CPU.ActiveCfg = Debug|Any CPU
		{4ADD80B9-1203-4795-B123-BB0888C5B7D7}.Debug|Any CPU.Build.0 = Debug|Any CPU
		{4ADD80B9-1203-4795-B123-BB0888C5B7D7}.Release|Any CPU.ActiveCfg = Release|Any CPU
		{4ADD80B9-1203-4795-B123-BB0888C5B7D7}.Release|Any CPU.Build.0 = Release|Any CPU
		{F3E99BD7-EF02-47CD-95A4-EFE429A253F7}.Debug|Any CPU.ActiveCfg = Debug|Any CPU
		{F3E99BD7-EF02-47CD-95A4-EFE429A253F7}.Debug|Any CPU.Build.0 = Debug|Any CPU
		{F3E99BD7-EF02-47CD-95A4-EFE429A253F7}.Release|Any CPU.ActiveCfg = Release|Any CPU
		{F3E99BD7-EF02-47CD-95A4-EFE429A253F7}.Release|Any CPU.Build.0 = Release|Any CPU
	EndGlobalSection
	GlobalSection(SolutionProperties) = preSolution
		HideSolutionNode = FALSE
	EndGlobalSection
	GlobalSection(ExtensibilityGlobals) = postSolution
		SolutionGuid = {949CF873-87BA-46DA-ABCC-DC65A3F2491B}
	EndGlobalSection
EndGlobal
